<?xml version="1.0" encoding="UTF-8" standalone="yes" ?>
<CodeBlocks_project_file>
	<FileVersion major="1" minor="6" />
	<Project>
		<Option title="FER" />
		<Option pch_mode="2" />
		<Option compiler="gcc" />
		<Build>
			<Target title="Debug">
				<Option output="bin/Debug/FER" prefix_auto="1" extension_auto="1" />
				<Option object_output="obj/Debug/" />
				<Option type="1" />
				<Option compiler="gcc" />
				<Compiler>
					<Add option="-g" />
					<Add directory="/usr/local/include" />
					<Add directory="/usr/local/share/OpenCV/haarcascades" />
				</Compiler>
				<Linker>
					<Add option="-lopencv_calib3d" />
					<Add option="-lopencv_contrib" />
					<Add option="-lopencv_core" />
					<Add option="-lopencv_features2d" />
					<Add option="-lopencv_flann" />
					<Add option="-lopencv_highgui" />
					<Add option="-lopencv_imgproc" />
					<Add option="-lopencv_legacy" />
					<Add option="-lopencv_ml" />
					<Add option="-lopencv_nonfree" />
					<Add option="-lopencv_objdetect" />
					<Add option="-lopencv_photo" />
					<Add option="-lopencv_stitching" />
					<Add option="-lopencv_superres" />
					<Add option="-lopencv_ts" />
					<Add option="-lopencv_video" />
					<Add option="-lopencv_videostab" />
					<Add option="-lrt" />
					<Add option="-lncurses" />
					<Add option="-lmmal" />
					<Add option="-lmmal_core" />
					<Add option="-lraspicam" />
					<Add option="-lraspicam_cv" />
					<Add option="-lmmal_util" />
					<Add option="-lwiringPi" />
					<Add library="/usr/local/lib/libraspicam.so" />
					<Add directory="/usr/local/lib" />
					<Add directory="/usr/local/bin" />
					<Add directory="/opt/vc/lib" />
				</Linker>
			</Target>
			<Target title="Release">
				<Option output="bin/Release/FER" prefix_auto="1" extension_auto="1" />
				<Option object_output="obj/Release/" />
				<Option type="0" />
				<Option compiler="gcc" />
				<Compiler>
					<Add option="-O2" />
					<Add option="-s" />
					<Add directory="/usr/local/include" />
					<Add directory="/usr/local/share/OpenCV/haarcascades" />
					<Add directory="/home/pi/stasm/stasm" />
				</Compiler>
				<Linker>
					<Add option="-lopencv_calib3d" />
					<Add option="-lopencv_contrib" />
					<Add option="-lopencv_core" />
					<Add option="-lopencv_features2d" />
					<Add option="-lopencv_flann" />
					<Add option="-lopencv_highgui" />
					<Add option="-lopencv_imgproc" />
					<Add option="-lopencv_legacy" />
					<Add option="-lopencv_ml" />
					<Add option="-lopencv_nonfree" />
					<Add option="-lopencv_objdetect" />
					<Add option="-lopencv_photo" />
					<Add option="-lopencv_stitching" />
					<Add option="-lopencv_superres" />
					<Add option="-lopencv_ts" />
					<Add option="-lopencv_video" />
					<Add option="-lopencv_videostab" />
					<Add option="-lrt" />
					<Add option="-lncurses" />
					<Add option="-lmmal" />
					<Add option="-lmmal_core" />
					<Add option="-lraspicam" />
					<Add option="-lmmal_util" />
					<Add option="-lwiringPi" />
					<Add library="/usr/local/lib/libraspicam.so" />
					<Add directory="/usr/local/lib" />
					<Add directory="/usr/local/bin" />
					<Add directory="/opt/vc/lib" />
				</Linker>
			</Target>
		</Build>
		<Compiler>
			<Add option="`opencv-config --cxxflags`" />
		</Compiler>
		<Linker>
			<Add option="`opencv-config --ldstaticflags`" />
		</Linker>
		<Unit filename="lena.jpg" />
		<Unit filename="main.cpp" />
		<Extensions>
			<code_completion />
			<debugger />
		</Extensions>
	</Project>
</CodeBlocks_project_file>
